{
  "name": "karinasthesis",
  "version": "1.0.0",
  "lockfileVersion": 1,
  "requires": true,
  "dependencies": {
    "rgb-hsv": {
      "version": "1.0.0",
      "resolved": "https://registry.npmjs.org/rgb-hsv/-/rgb-hsv-1.0.0.tgz",
      "integrity": "sha1-Sj5OwbcXClnVfD8S1aIzPkNjGgg="
    }
  }
}
